
Microsoft Visual Studio Solution File, Format Version 12.00
# Visual Studio Version 17
VisualStudioVersion = 17.10.34928.147
MinimumVisualStudioVersion = 10.0.40219.1
Project("{FAE04EC0-301F-11D3-BF4B-00C04F79EFBC}") = "HackatonAPI", "HackatonAPI\HackatonAPI.csproj", "{76466829-B303-40AD-809A-9424698C0FD2}"
EndProject
Global
	GlobalSection(SolutionConfigurationPlatforms) = preSolution
		Debug|Any CPU = Debug|Any CPU
		Release|Any CPU = Release|Any CPU
	EndGlobalSection
	GlobalSection(ProjectConfigurationPlatforms) = postSolution
		{76466829-B303-40AD-809A-9424698C0FD2}.Debug|Any CPU.ActiveCfg = Debug|Any CPU
		{76466829-B303-40AD-809A-9424698C0FD2}.Debug|Any CPU.Build.0 = Debug|Any CPU
		{76466829-B303-40AD-809A-9424698C0FD2}.Release|Any CPU.ActiveCfg = Release|Any CPU
		{76466829-B303-40AD-809A-9424698C0FD2}.Release|Any CPU.Build.0 = Release|Any CPU
	EndGlobalSection
	GlobalSection(SolutionProperties) = preSolution
		HideSolutionNode = FALSE
	EndGlobalSection
	GlobalSection(ExtensibilityGlobals) = postSolution
		SolutionGuid = {1439AFA7-49AF-48A0-8063-ED849741C96A}
	EndGlobalSection
EndGlobal
